// !$*UTF8*$!
{
	archiveVersion = 1;
	classes = {
	};
	objectVersion = 54;
	objects = {

/* Begin PBXBuildFile section */
		00E356F31AD99517003FC87E /* FYPPROJTests.m in Sources */ = {isa = PBXBuildFile; fileRef = 00E356F21AD99517003FC87E /* FYPPROJTests.m */; };
		0C80B921A6F3F58F76C31292 /* libPods-FYPPROJ.a in Frameworks */ = {isa = PBXBuildFile; fileRef = 5DCACB8F33CDC322A6C60F78 /* libPods-FYPPROJ.a */; };
		13B07FBC1A68108700A75B9A /* AppDelegate.mm in Sources */ = {isa = PBXBuildFile; fileRef = 13B07FB01A68108700A75B9A /* AppDelegate.mm */; };
		13B07FBF1A68108700A75B9A /* Images.xcassets in Resources */ = {isa = PBXBuildFile; fileRef = 13B07FB51A68108700A75B9A /* Images.xcassets */; };
		13B07FC11A68108700A75B9A /* main.m in Sources */ = {isa = PBXBuildFile; fileRef = 13B07FB71A68108700A75B9A /* main.m */; };
		7699B88040F8A987B510C191 /* libPods-FYPPROJ-FYPPROJTests.a in Frameworks */ = {isa = PBXBuildFile; fileRef = 19F6CBCC0A4E27FBF8BF4A61 /* libPods-FYPPROJ-FYPPROJTests.a */; };
		81AB9BB82411601600AC10FF /* LaunchScreen.storyboard in Resources */ = {isa = PBXBuildFile; fileRef = 81AB9BB72411601600AC10FF /* LaunchScreen.storyboard */; };
		0E91E47C24A348D89DC0402B /* Montserrat-Medium.ttf in Resources */ = {isa = PBXBuildFile; fileRef = 0C5D6A726D454A08BA85559F /* Montserrat-Medium.ttf */; };
		A6718C57011E4B8A9CF9FF06 /* Montserrat-Black.ttf in Resources */ = {isa = PBXBuildFile; fileRef = 91DDFA68AC434537B9BD9501 /* Montserrat-Black.ttf */; };
		B76177B583B747FB8165088A /* Montserrat-BlackItalic.ttf in Resources */ = {isa = PBXBuildFile; fileRef = 6CE2636BC3604922B83764D8 /* Montserrat-BlackItalic.ttf */; };
		783A0858F6A841119A6D2E6D /* Montserrat-Bold.ttf in Resources */ = {isa = PBXBuildFile; fileRef = 5ACFC01461AB4E0CB3CCF213 /* Montserrat-Bold.ttf */; };
		7EDE94CFA8C346D4B9BAEF1E /* Montserrat-BoldItalic.ttf in Resources */ = {isa = PBXBuildFile; fileRef = DE510FA600CF4D178DC237CD /* Montserrat-BoldItalic.ttf */; };
		ACFC0CBFEE454F1FB0426E53 /* Montserrat-ExtraBold.ttf in Resources */ = {isa = PBXBuildFile; fileRef = F4A626F521CC4D268CB0D987 /* Montserrat-ExtraBold.ttf */; };
		03648DD463D44E57AF8558C6 /* Montserrat-ExtraBoldItalic.ttf in Resources */ = {isa = PBXBuildFile; fileRef = 6C9D65A76FBD4C4AB0CBBCC6 /* Montserrat-ExtraBoldItalic.ttf */; };
		3D88C8A6C1954730B93C33CE /* Montserrat-ExtraLight.ttf in Resources */ = {isa = PBXBuildFile; fileRef = 3D96DE3AEEAA48EFB961B4C4 /* Montserrat-ExtraLight.ttf */; };
		C05FCBEB5A394071AB4CCC10 /* Montserrat-ExtraLightItalic.ttf in Resources */ = {isa = PBXBuildFile; fileRef = DB3BBBC59BD64319BBC0F8BD /* Montserrat-ExtraLightItalic.ttf */; };
		5FD2CDFB8B4B4B3096817AC1 /* Montserrat-Italic.ttf in Resources */ = {isa = PBXBuildFile; fileRef = F66F3E0400CB408D80DA5305 /* Montserrat-Italic.ttf */; };
		7F3CD07EA51E4851A518BCBC /* Montserrat-Light.ttf in Resources */ = {isa = PBXBuildFile; fileRef = 98286E5904B94309B65F84EA /* Montserrat-Light.ttf */; };
		60E23FD2A9AE4B9CBAA4139E /* Montserrat-LightItalic.ttf in Resources */ = {isa = PBXBuildFile; fileRef = C66DB40691114DC3BFB0DE08 /* Montserrat-LightItalic.ttf */; };
		C78E0AE5C8CB4C1589952215 /* Montserrat-MediumItalic.ttf in Resources */ = {isa = PBXBuildFile; fileRef = 48F0EF3829D34B078561B2E6 /* Montserrat-MediumItalic.ttf */; };
		247F9F78A86940D6ACDF334B /* Montserrat-Regular.ttf in Resources */ = {isa = PBXBuildFile; fileRef = CD99449302EA4E42B76FDD11 /* Montserrat-Regular.ttf */; };
		2D155DB83EA84F2985B8E812 /* Montserrat-SemiBold.ttf in Resources */ = {isa = PBXBuildFile; fileRef = DE1A2B5DC84148D3BEFBDE14 /* Montserrat-SemiBold.ttf */; };
		F7EB83EDBC4B49A8B18523BD /* Montserrat-SemiBoldItalic.ttf in Resources */ = {isa = PBXBuildFile; fileRef = 283829B5A6484FE8AE895A96 /* Montserrat-SemiBoldItalic.ttf */; };
		83B6D14D364C434A8C3EEDC5 /* Montserrat-Thin.ttf in Resources */ = {isa = PBXBuildFile; fileRef = 000ADF9A9AEF4A92B3CDA81C /* Montserrat-Thin.ttf */; };
		60B66DFF95544E5EBEFAD08C /* Montserrat-ThinItalic.ttf in Resources */ = {isa = PBXBuildFile; fileRef = 351508698E1647BCBC984946 /* Montserrat-ThinItalic.ttf */; };
		E54E55F3406A457C9A655E03 /* Poppins-Black.ttf in Resources */ = {isa = PBXBuildFile; fileRef = FDD5BD2E1D46426D9642A087 /* Poppins-Black.ttf */; };
		85904FC7F63D4373A2A895F9 /* Poppins-BlackItalic.ttf in Resources */ = {isa = PBXBuildFile; fileRef = 242C3755E74942FEB755EADD /* Poppins-BlackItalic.ttf */; };
		585D6F08AF29414DB31FBBEA /* Poppins-Bold.ttf in Resources */ = {isa = PBXBuildFile; fileRef = 76D3525DD82A4480AA975A9B /* Poppins-Bold.ttf */; };
		03D68F2FA0C14D06B4528DD9 /* Poppins-BoldItalic.ttf in Resources */ = {isa = PBXBuildFile; fileRef = 9BB4042736FB488381237B1D /* Poppins-BoldItalic.ttf */; };
		9A60265E738145B6B7BD302F /* Poppins-ExtraBold.ttf in Resources */ = {isa = PBXBuildFile; fileRef = EBBEBC2B4F1F4DE7A0C5955F /* Poppins-ExtraBold.ttf */; };
		54EDEC742C1840B5B172E49F /* Poppins-ExtraBoldItalic.ttf in Resources */ = {isa = PBXBuildFile; fileRef = 05B45019FF8740BF9800F1CD /* Poppins-ExtraBoldItalic.ttf */; };
		5FE5882360B047C38200F7DE /* Poppins-ExtraLight.ttf in Resources */ = {isa = PBXBuildFile; fileRef = FD2592513B364576ADF9AFA8 /* Poppins-ExtraLight.ttf */; };
		57D6ED3F8CDF4B3B939A4E0D /* Poppins-ExtraLightItalic.ttf in Resources */ = {isa = PBXBuildFile; fileRef = 9AE29EA7B61F4C68ABE30698 /* Poppins-ExtraLightItalic.ttf */; };
		74460AE002FC468C873C9829 /* Poppins-Italic.ttf in Resources */ = {isa = PBXBuildFile; fileRef = BA7D526B0D0940C1B2CC3690 /* Poppins-Italic.ttf */; };
		9559566A27684E18B9CC2377 /* Poppins-Light.ttf in Resources */ = {isa = PBXBuildFile; fileRef = E2F8608FDABC41568C4B322F /* Poppins-Light.ttf */; };
		D8A747F0EFF742B0A2ED1A4D /* Poppins-LightItalic.ttf in Resources */ = {isa = PBXBuildFile; fileRef = 564D6809CF734100ACBB38DD /* Poppins-LightItalic.ttf */; };
		48AE9161BF1842FD9EDD992A /* Poppins-Medium.ttf in Resources */ = {isa = PBXBuildFile; fileRef = 797D0C6E264140A7A97317AC /* Poppins-Medium.ttf */; };
		04935BB58AAD47E09C448A5B /* Poppins-MediumItalic.ttf in Resources */ = {isa = PBXBuildFile; fileRef = C6C8927D62B842768D1D265B /* Poppins-MediumItalic.ttf */; };
		8AAC39790F3640C1B8CD23FF /* Poppins-Regular.ttf in Resources */ = {isa = PBXBuildFile; fileRef = 3A1C89E56C644C4588DAF250 /* Poppins-Regular.ttf */; };
		6FFC8440DEF5440891B6A63C /* Poppins-SemiBold.ttf in Resources */ = {isa = PBXBuildFile; fileRef = 255BA7AE28B4423284E103C6 /* Poppins-SemiBold.ttf */; };
		1B1CD57F3BCC4A2BBDFE7838 /* Poppins-SemiBoldItalic.ttf in Resources */ = {isa = PBXBuildFile; fileRef = 63007A80638349CCAC59A1B0 /* Poppins-SemiBoldItalic.ttf */; };
		A12CD67D6DDE4BC9ABDE4407 /* Poppins-Thin.ttf in Resources */ = {isa = PBXBuildFile; fileRef = 02B9C88DF5E24C1BA9445415 /* Poppins-Thin.ttf */; };
		276CE2E1CC2546859C642B67 /* Poppins-ThinItalic.ttf in Resources */ = {isa = PBXBuildFile; fileRef = 0FC8782B37AA4ECCB5706DD5 /* Poppins-ThinItalic.ttf */; };
		1A514A50910744C3BB8D50B9 /* RobotoMono-Bold.ttf in Resources */ = {isa = PBXBuildFile; fileRef = FAEA4B80573C4F51A688F959 /* RobotoMono-Bold.ttf */; };
		8FA4C8BC6D914A9C81846235 /* RobotoMono-BoldItalic.ttf in Resources */ = {isa = PBXBuildFile; fileRef = 17420BA64A474A76938A97C5 /* RobotoMono-BoldItalic.ttf */; };
		8CEEC730C4F64267B91F2026 /* RobotoMono-ExtraLight.ttf in Resources */ = {isa = PBXBuildFile; fileRef = 91D079B2ACEE480EA9827129 /* RobotoMono-ExtraLight.ttf */; };
		C51B4F896F7E4893A60FD4CF /* RobotoMono-ExtraLightItalic.ttf in Resources */ = {isa = PBXBuildFile; fileRef = 8184516ABAB042C795A2451B /* RobotoMono-ExtraLightItalic.ttf */; };
		0C7E68A69A56447493FE94CE /* RobotoMono-Italic.ttf in Resources */ = {isa = PBXBuildFile; fileRef = 15B4E46DDD2141158A116CBD /* RobotoMono-Italic.ttf */; };
		E21A3D31BE25498F8327B22F /* RobotoMono-Light.ttf in Resources */ = {isa = PBXBuildFile; fileRef = DCF8EE63249C44F2B6499568 /* RobotoMono-Light.ttf */; };
		0A567B610CD4439CA48FF95D /* RobotoMono-LightItalic.ttf in Resources */ = {isa = PBXBuildFile; fileRef = 510EBFE8168B4E9B9579AB10 /* RobotoMono-LightItalic.ttf */; };
		D7787F8A13324FCBABC5A434 /* RobotoMono-Medium.ttf in Resources */ = {isa = PBXBuildFile; fileRef = CB92DE1479164A20981095CA /* RobotoMono-Medium.ttf */; };
		CB48C40C77EA41F09055B08B /* RobotoMono-MediumItalic.ttf in Resources */ = {isa = PBXBuildFile; fileRef = A327F809EABD43BBA762F01C /* RobotoMono-MediumItalic.ttf */; };
		7E4E5382DB024A70821BE10E /* RobotoMono-Regular.ttf in Resources */ = {isa = PBXBuildFile; fileRef = 7743669194B84105B4A9CA57 /* RobotoMono-Regular.ttf */; };
		34A5436C6B404D5A821A17F4 /* RobotoMono-SemiBold.ttf in Resources */ = {isa = PBXBuildFile; fileRef = 012931387E8448FC8317215A /* RobotoMono-SemiBold.ttf */; };
		C885FB68EB3C4B73BA2D9444 /* RobotoMono-SemiBoldItalic.ttf in Resources */ = {isa = PBXBuildFile; fileRef = 307B6A7084054481ACD5B7C2 /* RobotoMono-SemiBoldItalic.ttf */; };
		861036F115A447E0915C0985 /* RobotoMono-Thin.ttf in Resources */ = {isa = PBXBuildFile; fileRef = BC08356BC001487DA94F40A7 /* RobotoMono-Thin.ttf */; };
		68263B4BF6344AB097ED52CC /* RobotoMono-ThinItalic.ttf in Resources */ = {isa = PBXBuildFile; fileRef = ED37F297B7414D0CA34E47A8 /* RobotoMono-ThinItalic.ttf */; };
/* End PBXBuildFile section */

/* Begin PBXContainerItemProxy section */
		00E356F41AD99517003FC87E /* PBXContainerItemProxy */ = {
			isa = PBXContainerItemProxy;
			containerPortal = 83CBB9F71A601CBA00E9B192 /* Project object */;
			proxyType = 1;
			remoteGlobalIDString = 13B07F861A680F5B00A75B9A;
			remoteInfo = FYPPROJ;
		};
/* End PBXContainerItemProxy section */

/* Begin PBXFileReference section */
		00E356EE1AD99517003FC87E /* FYPPROJTests.xctest */ = {isa = PBXFileReference; explicitFileType = wrapper.cfbundle; includeInIndex = 0; path = FYPPROJTests.xctest; sourceTree = BUILT_PRODUCTS_DIR; };
		00E356F11AD99517003FC87E /* Info.plist */ = {isa = PBXFileReference; lastKnownFileType = text.plist.xml; path = Info.plist; sourceTree = "<group>"; };
		00E356F21AD99517003FC87E /* FYPPROJTests.m */ = {isa = PBXFileReference; lastKnownFileType = sourcecode.c.objc; path = FYPPROJTests.m; sourceTree = "<group>"; };
		13B07F961A680F5B00A75B9A /* FYPPROJ.app */ = {isa = PBXFileReference; explicitFileType = wrapper.application; includeInIndex = 0; path = FYPPROJ.app; sourceTree = BUILT_PRODUCTS_DIR; };
		13B07FAF1A68108700A75B9A /* AppDelegate.h */ = {isa = PBXFileReference; fileEncoding = 4; lastKnownFileType = sourcecode.c.h; name = AppDelegate.h; path = FYPPROJ/AppDelegate.h; sourceTree = "<group>"; };
		13B07FB01A68108700A75B9A /* AppDelegate.mm */ = {isa = PBXFileReference; fileEncoding = 4; lastKnownFileType = sourcecode.cpp.objcpp; name = AppDelegate.mm; path = FYPPROJ/AppDelegate.mm; sourceTree = "<group>"; };
		13B07FB51A68108700A75B9A /* Images.xcassets */ = {isa = PBXFileReference; lastKnownFileType = folder.assetcatalog; name = Images.xcassets; path = FYPPROJ/Images.xcassets; sourceTree = "<group>"; };
		13B07FB61A68108700A75B9A /* Info.plist */ = {isa = PBXFileReference; fileEncoding = 4; lastKnownFileType = text.plist.xml; name = Info.plist; path = FYPPROJ/Info.plist; sourceTree = "<group>"; };
		13B07FB71A68108700A75B9A /* main.m */ = {isa = PBXFileReference; fileEncoding = 4; lastKnownFileType = sourcecode.c.objc; name = main.m; path = FYPPROJ/main.m; sourceTree = "<group>"; };
		19F6CBCC0A4E27FBF8BF4A61 /* libPods-FYPPROJ-FYPPROJTests.a */ = {isa = PBXFileReference; explicitFileType = archive.ar; includeInIndex = 0; path = "libPods-FYPPROJ-FYPPROJTests.a"; sourceTree = BUILT_PRODUCTS_DIR; };
		3B4392A12AC88292D35C810B /* Pods-FYPPROJ.debug.xcconfig */ = {isa = PBXFileReference; includeInIndex = 1; lastKnownFileType = text.xcconfig; name = "Pods-FYPPROJ.debug.xcconfig"; path = "Target Support Files/Pods-FYPPROJ/Pods-FYPPROJ.debug.xcconfig"; sourceTree = "<group>"; };
		5709B34CF0A7D63546082F79 /* Pods-FYPPROJ.release.xcconfig */ = {isa = PBXFileReference; includeInIndex = 1; lastKnownFileType = text.xcconfig; name = "Pods-FYPPROJ.release.xcconfig"; path = "Target Support Files/Pods-FYPPROJ/Pods-FYPPROJ.release.xcconfig"; sourceTree = "<group>"; };
		5B7EB9410499542E8C5724F5 /* Pods-FYPPROJ-FYPPROJTests.debug.xcconfig */ = {isa = PBXFileReference; includeInIndex = 1; lastKnownFileType = text.xcconfig; name = "Pods-FYPPROJ-FYPPROJTests.debug.xcconfig"; path = "Target Support Files/Pods-FYPPROJ-FYPPROJTests/Pods-FYPPROJ-FYPPROJTests.debug.xcconfig"; sourceTree = "<group>"; };
		5DCACB8F33CDC322A6C60F78 /* libPods-FYPPROJ.a */ = {isa = PBXFileReference; explicitFileType = archive.ar; includeInIndex = 0; path = "libPods-FYPPROJ.a"; sourceTree = BUILT_PRODUCTS_DIR; };
		81AB9BB72411601600AC10FF /* LaunchScreen.storyboard */ = {isa = PBXFileReference; fileEncoding = 4; lastKnownFileType = file.storyboard; name = LaunchScreen.storyboard; path = FYPPROJ/LaunchScreen.storyboard; sourceTree = "<group>"; };
		89C6BE57DB24E9ADA2F236DE /* Pods-FYPPROJ-FYPPROJTests.release.xcconfig */ = {isa = PBXFileReference; includeInIndex = 1; lastKnownFileType = text.xcconfig; name = "Pods-FYPPROJ-FYPPROJTests.release.xcconfig"; path = "Target Support Files/Pods-FYPPROJ-FYPPROJTests/Pods-FYPPROJ-FYPPROJTests.release.xcconfig"; sourceTree = "<group>"; };
		ED297162215061F000B7C4FE /* JavaScriptCore.framework */ = {isa = PBXFileReference; lastKnownFileType = wrapper.framework; name = JavaScriptCore.framework; path = System/Library/Frameworks/JavaScriptCore.framework; sourceTree = SDKROOT; };
		0C5D6A726D454A08BA85559F /* Montserrat-Medium.ttf */ = {isa = PBXFileReference; name = "Montserrat-Medium.ttf"; path = "../assets/fonts/Montserrat-Medium.ttf"; sourceTree = "<group>"; fileEncoding = undefined; lastKnownFileType = unknown; explicitFileType = undefined; includeInIndex = 0; };
		91DDFA68AC434537B9BD9501 /* Montserrat-Black.ttf */ = {isa = PBXFileReference; name = "Montserrat-Black.ttf"; path = "../assets/fonts/Montserrat-Black.ttf"; sourceTree = "<group>"; fileEncoding = undefined; lastKnownFileType = unknown; explicitFileType = undefined; includeInIndex = 0; };
		6CE2636BC3604922B83764D8 /* Montserrat-BlackItalic.ttf */ = {isa = PBXFileReference; name = "Montserrat-BlackItalic.ttf"; path = "../assets/fonts/Montserrat-BlackItalic.ttf"; sourceTree = "<group>"; fileEncoding = undefined; lastKnownFileType = unknown; explicitFileType = undefined; includeInIndex = 0; };
		5ACFC01461AB4E0CB3CCF213 /* Montserrat-Bold.ttf */ = {isa = PBXFileReference; name = "Montserrat-Bold.ttf"; path = "../assets/fonts/Montserrat-Bold.ttf"; sourceTree = "<group>"; fileEncoding = undefined; lastKnownFileType = unknown; explicitFileType = undefined; includeInIndex = 0; };
		DE510FA600CF4D178DC237CD /* Montserrat-BoldItalic.ttf */ = {isa = PBXFileReference; name = "Montserrat-BoldItalic.ttf"; path = "../assets/fonts/Montserrat-BoldItalic.ttf"; sourceTree = "<group>"; fileEncoding = undefined; lastKnownFileType = unknown; explicitFileType = undefined; includeInIndex = 0; };
		F4A626F521CC4D268CB0D987 /* Montserrat-ExtraBold.ttf */ = {isa = PBXFileReference; name = "Montserrat-ExtraBold.ttf"; path = "../assets/fonts/Montserrat-ExtraBold.ttf"; sourceTree = "<group>"; fileEncoding = undefined; lastKnownFileType = unknown; explicitFileType = undefined; includeInIndex = 0; };
		6C9D65A76FBD4C4AB0CBBCC6 /* Montserrat-ExtraBoldItalic.ttf */ = {isa = PBXFileReference; name = "Montserrat-ExtraBoldItalic.ttf"; path = "../assets/fonts/Montserrat-ExtraBoldItalic.ttf"; sourceTree = "<group>"; fileEncoding = undefined; lastKnownFileType = unknown; explicitFileType = undefined; includeInIndex = 0; };
		3D96DE3AEEAA48EFB961B4C4 /* Montserrat-ExtraLight.ttf */ = {isa = PBXFileReference; name = "Montserrat-ExtraLight.ttf"; path = "../assets/fonts/Montserrat-ExtraLight.ttf"; sourceTree = "<group>"; fileEncoding = undefined; lastKnownFileType = unknown; explicitFileType = undefined; includeInIndex = 0; };
		DB3BBBC59BD64319BBC0F8BD /* Montserrat-ExtraLightItalic.ttf */ = {isa = PBXFileReference; name = "Montserrat-ExtraLightItalic.ttf"; path = "../assets/fonts/Montserrat-ExtraLightItalic.ttf"; sourceTree = "<group>"; fileEncoding = undefined; lastKnownFileType = unknown; explicitFileType = undefined; includeInIndex = 0; };
		F66F3E0400CB408D80DA5305 /* Montserrat-Italic.ttf */ = {isa = PBXFileReference; name = "Montserrat-Italic.ttf"; path = "../assets/fonts/Montserrat-Italic.ttf"; sourceTree = "<group>"; fileEncoding = undefined; lastKnownFileType = unknown; explicitFileType = undefined; includeInIndex = 0; };
		98286E5904B94309B65F84EA /* Montserrat-Light.ttf */ = {isa = PBXFileReference; name = "Montserrat-Light.ttf"; path = "../assets/fonts/Montserrat-Light.ttf"; sourceTree = "<group>"; fileEncoding = undefined; lastKnownFileType = unknown; explicitFileType = undefined; includeInIndex = 0; };
		C66DB40691114DC3BFB0DE08 /* Montserrat-LightItalic.ttf */ = {isa = PBXFileReference; name = "Montserrat-LightItalic.ttf"; path = "../assets/fonts/Montserrat-LightItalic.ttf"; sourceTree = "<group>"; fileEncoding = undefined; lastKnownFileType = unknown; explicitFileType = undefined; includeInIndex = 0; };
		48F0EF3829D34B078561B2E6 /* Montserrat-MediumItalic.ttf */ = {isa = PBXFileReference; name = "Montserrat-MediumItalic.ttf"; path = "../assets/fonts/Montserrat-MediumItalic.ttf"; sourceTree = "<group>"; fileEncoding = undefined; lastKnownFileType = unknown; explicitFileType = undefined; includeInIndex = 0; };
		CD99449302EA4E42B76FDD11 /* Montserrat-Regular.ttf */ = {isa = PBXFileReference; name = "Montserrat-Regular.ttf"; path = "../assets/fonts/Montserrat-Regular.ttf"; sourceTree = "<group>"; fileEncoding = undefined; lastKnownFileType = unknown; explicitFileType = undefined; includeInIndex = 0; };
		DE1A2B5DC84148D3BEFBDE14 /* Montserrat-SemiBold.ttf */ = {isa = PBXFileReference; name = "Montserrat-SemiBold.ttf"; path = "../assets/fonts/Montserrat-SemiBold.ttf"; sourceTree = "<group>"; fileEncoding = undefined; lastKnownFileType = unknown; explicitFileType = undefined; includeInIndex = 0; };
		283829B5A6484FE8AE895A96 /* Montserrat-SemiBoldItalic.ttf */ = {isa = PBXFileReference; name = "Montserrat-SemiBoldItalic.ttf"; path = "../assets/fonts/Montserrat-SemiBoldItalic.ttf"; sourceTree = "<group>"; fileEncoding = undefined; lastKnownFileType = unknown; explicitFileType = undefined; includeInIndex = 0; };
		000ADF9A9AEF4A92B3CDA81C /* Montserrat-Thin.ttf */ = {isa = PBXFileReference; name = "Montserrat-Thin.ttf"; path = "../assets/fonts/Montserrat-Thin.ttf"; sourceTree = "<group>"; fileEncoding = undefined; lastKnownFileType = unknown; explicitFileType = undefined; includeInIndex = 0; };
		351508698E1647BCBC984946 /* Montserrat-ThinItalic.ttf */ = {isa = PBXFileReference; name = "Montserrat-ThinItalic.ttf"; path = "../assets/fonts/Montserrat-ThinItalic.ttf"; sourceTree = "<group>"; fileEncoding = undefined; lastKnownFileType = unknown; explicitFileType = undefined; includeInIndex = 0; };
		FDD5BD2E1D46426D9642A087 /* Poppins-Black.ttf */ = {isa = PBXFileReference; name = "Poppins-Black.ttf"; path = "../assets/fonts/Poppins-Black.ttf"; sourceTree = "<group>"; fileEncoding = undefined; lastKnownFileType = unknown; explicitFileType = undefined; includeInIndex = 0; };
		242C3755E74942FEB755EADD /* Poppins-BlackItalic.ttf */ = {isa = PBXFileReference; name = "Poppins-BlackItalic.ttf"; path = "../assets/fonts/Poppins-BlackItalic.ttf"; sourceTree = "<group>"; fileEncoding = undefined; lastKnownFileType = unknown; explicitFileType = undefined; includeInIndex = 0; };
		76D3525DD82A4480AA975A9B /* Poppins-Bold.ttf */ = {isa = PBXFileReference; name = "Poppins-Bold.ttf"; path = "../assets/fonts/Poppins-Bold.ttf"; sourceTree = "<group>"; fileEncoding = undefined; lastKnownFileType = unknown; explicitFileType = undefined; includeInIndex = 0; };
		9BB4042736FB488381237B1D /* Poppins-BoldItalic.ttf */ = {isa = PBXFileReference; name = "Poppins-BoldItalic.ttf"; path = "../assets/fonts/Poppins-BoldItalic.ttf"; sourceTree = "<group>"; fileEncoding = undefined; lastKnownFileType = unknown; explicitFileType = undefined; includeInIndex = 0; };
		EBBEBC2B4F1F4DE7A0C5955F /* Poppins-ExtraBold.ttf */ = {isa = PBXFileReference; name = "Poppins-ExtraBold.ttf"; path = "../assets/fonts/Poppins-ExtraBold.ttf"; sourceTree = "<group>"; fileEncoding = undefined; lastKnownFileType = unknown; explicitFileType = undefined; includeInIndex = 0; };
		05B45019FF8740BF9800F1CD /* Poppins-ExtraBoldItalic.ttf */ = {isa = PBXFileReference; name = "Poppins-ExtraBoldItalic.ttf"; path = "../assets/fonts/Poppins-ExtraBoldItalic.ttf"; sourceTree = "<group>"; fileEncoding = undefined; lastKnownFileType = unknown; explicitFileType = undefined; includeInIndex = 0; };
		FD2592513B364576ADF9AFA8 /* Poppins-ExtraLight.ttf */ = {isa = PBXFileReference; name = "Poppins-ExtraLight.ttf"; path = "../assets/fonts/Poppins-ExtraLight.ttf"; sourceTree = "<group>"; fileEncoding = undefined; lastKnownFileType = unknown; explicitFileType = undefined; includeInIndex = 0; };
		9AE29EA7B61F4C68ABE30698 /* Poppins-ExtraLightItalic.ttf */ = {isa = PBXFileReference; name = "Poppins-ExtraLightItalic.ttf"; path = "../assets/fonts/Poppins-ExtraLightItalic.ttf"; sourceTree = "<group>"; fileEncoding = undefined; lastKnownFileType = unknown; explicitFileType = undefined; includeInIndex = 0; };
		BA7D526B0D0940C1B2CC3690 /* Poppins-Italic.ttf */ = {isa = PBXFileReference; name = "Poppins-Italic.ttf"; path = "../assets/fonts/Poppins-Italic.ttf"; sourceTree = "<group>"; fileEncoding = undefined; lastKnownFileType = unknown; explicitFileType = undefined; includeInIndex = 0; };
		E2F8608FDABC41568C4B322F /* Poppins-Light.ttf */ = {isa = PBXFileReference; name = "Poppins-Light.ttf"; path = "../assets/fonts/Poppins-Light.ttf"; sourceTree = "<group>"; fileEncoding = undefined; lastKnownFileType = unknown; explicitFileType = undefined; includeInIndex = 0; };
		564D6809CF734100ACBB38DD /* Poppins-LightItalic.ttf */ = {isa = PBXFileReference; name = "Poppins-LightItalic.ttf"; path = "../assets/fonts/Poppins-LightItalic.ttf"; sourceTree = "<group>"; fileEncoding = undefined; lastKnownFileType = unknown; explicitFileType = undefined; includeInIndex = 0; };
		797D0C6E264140A7A97317AC /* Poppins-Medium.ttf */ = {isa = PBXFileReference; name = "Poppins-Medium.ttf"; path = "../assets/fonts/Poppins-Medium.ttf"; sourceTree = "<group>"; fileEncoding = undefined; lastKnownFileType = unknown; explicitFileType = undefined; includeInIndex = 0; };
		C6C8927D62B842768D1D265B /* Poppins-MediumItalic.ttf */ = {isa = PBXFileReference; name = "Poppins-MediumItalic.ttf"; path = "../assets/fonts/Poppins-MediumItalic.ttf"; sourceTree = "<group>"; fileEncoding = undefined; lastKnownFileType = unknown; explicitFileType = undefined; includeInIndex = 0; };
		3A1C89E56C644C4588DAF250 /* Poppins-Regular.ttf */ = {isa = PBXFileReference; name = "Poppins-Regular.ttf"; path = "../assets/fonts/Poppins-Regular.ttf"; sourceTree = "<group>"; fileEncoding = undefined; lastKnownFileType = unknown; explicitFileType = undefined; includeInIndex = 0; };
		255BA7AE28B4423284E103C6 /* Poppins-SemiBold.ttf */ = {isa = PBXFileReference; name = "Poppins-SemiBold.ttf"; path = "../assets/fonts/Poppins-SemiBold.ttf"; sourceTree = "<group>"; fileEncoding = undefined; lastKnownFileType = unknown; explicitFileType = undefined; includeInIndex = 0; };
		63007A80638349CCAC59A1B0 /* Poppins-SemiBoldItalic.ttf */ = {isa = PBXFileReference; name = "Poppins-SemiBoldItalic.ttf"; path = "../assets/fonts/Poppins-SemiBoldItalic.ttf"; sourceTree = "<group>"; fileEncoding = undefined; lastKnownFileType = unknown; explicitFileType = undefined; includeInIndex = 0; };
		02B9C88DF5E24C1BA9445415 /* Poppins-Thin.ttf */ = {isa = PBXFileReference; name = "Poppins-Thin.ttf"; path = "../assets/fonts/Poppins-Thin.ttf"; sourceTree = "<group>"; fileEncoding = undefined; lastKnownFileType = unknown; explicitFileType = undefined; includeInIndex = 0; };
		0FC8782B37AA4ECCB5706DD5 /* Poppins-ThinItalic.ttf */ = {isa = PBXFileReference; name = "Poppins-ThinItalic.ttf"; path = "../assets/fonts/Poppins-ThinItalic.ttf"; sourceTree = "<group>"; fileEncoding = undefined; lastKnownFileType = unknown; explicitFileType = undefined; includeInIndex = 0; };
		FAEA4B80573C4F51A688F959 /* RobotoMono-Bold.ttf */ = {isa = PBXFileReference; name = "RobotoMono-Bold.ttf"; path = "../assets/fonts/RobotoMono-Bold.ttf"; sourceTree = "<group>"; fileEncoding = undefined; lastKnownFileType = unknown; explicitFileType = undefined; includeInIndex = 0; };
		17420BA64A474A76938A97C5 /* RobotoMono-BoldItalic.ttf */ = {isa = PBXFileReference; name = "RobotoMono-BoldItalic.ttf"; path = "../assets/fonts/RobotoMono-BoldItalic.ttf"; sourceTree = "<group>"; fileEncoding = undefined; lastKnownFileType = unknown; explicitFileType = undefined; includeInIndex = 0; };
		91D079B2ACEE480EA9827129 /* RobotoMono-ExtraLight.ttf */ = {isa = PBXFileReference; name = "RobotoMono-ExtraLight.ttf"; path = "../assets/fonts/RobotoMono-ExtraLight.ttf"; sourceTree = "<group>"; fileEncoding = undefined; lastKnownFileType = unknown; explicitFileType = undefined; includeInIndex = 0; };
		8184516ABAB042C795A2451B /* RobotoMono-ExtraLightItalic.ttf */ = {isa = PBXFileReference; name = "RobotoMono-ExtraLightItalic.ttf"; path = "../assets/fonts/RobotoMono-ExtraLightItalic.ttf"; sourceTree = "<group>"; fileEncoding = undefined; lastKnownFileType = unknown; explicitFileType = undefined; includeInIndex = 0; };
		15B4E46DDD2141158A116CBD /* RobotoMono-Italic.ttf */ = {isa = PBXFileReference; name = "RobotoMono-Italic.ttf"; path = "../assets/fonts/RobotoMono-Italic.ttf"; sourceTree = "<group>"; fileEncoding = undefined; lastKnownFileType = unknown; explicitFileType = undefined; includeInIndex = 0; };
		DCF8EE63249C44F2B6499568 /* RobotoMono-Light.ttf */ = {isa = PBXFileReference; name = "RobotoMono-Light.ttf"; path = "../assets/fonts/RobotoMono-Light.ttf"; sourceTree = "<group>"; fileEncoding = undefined; lastKnownFileType = unknown; explicitFileType = undefined; includeInIndex = 0; };
		510EBFE8168B4E9B9579AB10 /* RobotoMono-LightItalic.ttf */ = {isa = PBXFileReference; name = "RobotoMono-LightItalic.ttf"; path = "../assets/fonts/RobotoMono-LightItalic.ttf"; sourceTree = "<group>"; fileEncoding = undefined; lastKnownFileType = unknown; explicitFileType = undefined; includeInIndex = 0; };
		CB92DE1479164A20981095CA /* RobotoMono-Medium.ttf */ = {isa = PBXFileReference; name = "RobotoMono-Medium.ttf"; path = "../assets/fonts/RobotoMono-Medium.ttf"; sourceTree = "<group>"; fileEncoding = undefined; lastKnownFileType = unknown; explicitFileType = undefined; includeInIndex = 0; };
		A327F809EABD43BBA762F01C /* RobotoMono-MediumItalic.ttf */ = {isa = PBXFileReference; name = "RobotoMono-MediumItalic.ttf"; path = "../assets/fonts/RobotoMono-MediumItalic.ttf"; sourceTree = "<group>"; fileEncoding = undefined; lastKnownFileType = unknown; explicitFileType = undefined; includeInIndex = 0; };
		7743669194B84105B4A9CA57 /* RobotoMono-Regular.ttf */ = {isa = PBXFileReference; name = "RobotoMono-Regular.ttf"; path = "../assets/fonts/RobotoMono-Regular.ttf"; sourceTree = "<group>"; fileEncoding = undefined; lastKnownFileType = unknown; explicitFileType = undefined; includeInIndex = 0; };
		012931387E8448FC8317215A /* RobotoMono-SemiBold.ttf */ = {isa = PBXFileReference; name = "RobotoMono-SemiBold.ttf"; path = "../assets/fonts/RobotoMono-SemiBold.ttf"; sourceTree = "<group>"; fileEncoding = undefined; lastKnownFileType = unknown; explicitFileType = undefined; includeInIndex = 0; };
		307B6A7084054481ACD5B7C2 /* RobotoMono-SemiBoldItalic.ttf */ = {isa = PBXFileReference; name = "RobotoMono-SemiBoldItalic.ttf"; path = "../assets/fonts/RobotoMono-SemiBoldItalic.ttf"; sourceTree = "<group>"; fileEncoding = undefined; lastKnownFileType = unknown; explicitFileType = undefined; includeInIndex = 0; };
		BC08356BC001487DA94F40A7 /* RobotoMono-Thin.ttf */ = {isa = PBXFileReference; name = "RobotoMono-Thin.ttf"; path = "../assets/fonts/RobotoMono-Thin.ttf"; sourceTree = "<group>"; fileEncoding = undefined; lastKnownFileType = unknown; explicitFileType = undefined; includeInIndex = 0; };
		ED37F297B7414D0CA34E47A8 /* RobotoMono-ThinItalic.ttf */ = {isa = PBXFileReference; name = "RobotoMono-ThinItalic.ttf"; path = "../assets/fonts/RobotoMono-ThinItalic.ttf"; sourceTree = "<group>"; fileEncoding = undefined; lastKnownFileType = unknown; explicitFileType = undefined; includeInIndex = 0; };
/* End PBXFileReference section */

/* Begin PBXFrameworksBuildPhase section */
		00E356EB1AD99517003FC87E /* Frameworks */ = {
			isa = PBXFrameworksBuildPhase;
			buildActionMask = 2147483647;
			files = (
				7699B88040F8A987B510C191 /* libPods-FYPPROJ-FYPPROJTests.a in Frameworks */,
			);
			runOnlyForDeploymentPostprocessing = 0;
		};
		13B07F8C1A680F5B00A75B9A /* Frameworks */ = {
			isa = PBXFrameworksBuildPhase;
			buildActionMask = 2147483647;
			files = (
				0C80B921A6F3F58F76C31292 /* libPods-FYPPROJ.a in Frameworks */,
			);
			runOnlyForDeploymentPostprocessing = 0;
		};
/* End PBXFrameworksBuildPhase section */

/* Begin PBXGroup section */
		00E356EF1AD99517003FC87E /* FYPPROJTests */ = {
			isa = PBXGroup;
			children = (
				00E356F21AD99517003FC87E /* FYPPROJTests.m */,
				00E356F01AD99517003FC87E /* Supporting Files */,
			);
			path = FYPPROJTests;
			sourceTree = "<group>";
		};
		00E356F01AD99517003FC87E /* Supporting Files */ = {
			isa = PBXGroup;
			children = (
				00E356F11AD99517003FC87E /* Info.plist */,
			);
			name = "Supporting Files";
			sourceTree = "<group>";
		};
		13B07FAE1A68108700A75B9A /* FYPPROJ */ = {
			isa = PBXGroup;
			children = (
				13B07FAF1A68108700A75B9A /* AppDelegate.h */,
				13B07FB01A68108700A75B9A /* AppDelegate.mm */,
				13B07FB51A68108700A75B9A /* Images.xcassets */,
				13B07FB61A68108700A75B9A /* Info.plist */,
				81AB9BB72411601600AC10FF /* LaunchScreen.storyboard */,
				13B07FB71A68108700A75B9A /* main.m */,
			);
			name = FYPPROJ;
			sourceTree = "<group>";
		};
		2D16E6871FA4F8E400B85C8A /* Frameworks */ = {
			isa = PBXGroup;
			children = (
				ED297162215061F000B7C4FE /* JavaScriptCore.framework */,
				5DCACB8F33CDC322A6C60F78 /* libPods-FYPPROJ.a */,
				19F6CBCC0A4E27FBF8BF4A61 /* libPods-FYPPROJ-FYPPROJTests.a */,
			);
			name = Frameworks;
			sourceTree = "<group>";
		};
		832341AE1AAA6A7D00B99B32 /* Libraries */ = {
			isa = PBXGroup;
			children = (
			);
			name = Libraries;
			sourceTree = "<group>";
		};
		83CBB9F61A601CBA00E9B192 = {
			isa = PBXGroup;
			children = (
				13B07FAE1A68108700A75B9A /* FYPPROJ */,
				832341AE1AAA6A7D00B99B32 /* Libraries */,
				00E356EF1AD99517003FC87E /* FYPPROJTests */,
				83CBBA001A601CBA00E9B192 /* Products */,
				2D16E6871FA4F8E400B85C8A /* Frameworks */,
				BBD78D7AC51CEA395F1C20DB /* Pods */,
				E5A76D1025B84AFFAB047E19 /* Resources */,
			);
			indentWidth = 2;
			sourceTree = "<group>";
			tabWidth = 2;
			usesTabs = 0;
		};
		83CBBA001A601CBA00E9B192 /* Products */ = {
			isa = PBXGroup;
			children = (
				13B07F961A680F5B00A75B9A /* FYPPROJ.app */,
				00E356EE1AD99517003FC87E /* FYPPROJTests.xctest */,
			);
			name = Products;
			sourceTree = "<group>";
		};
		BBD78D7AC51CEA395F1C20DB /* Pods */ = {
			isa = PBXGroup;
			children = (
				3B4392A12AC88292D35C810B /* Pods-FYPPROJ.debug.xcconfig */,
				5709B34CF0A7D63546082F79 /* Pods-FYPPROJ.release.xcconfig */,
				5B7EB9410499542E8C5724F5 /* Pods-FYPPROJ-FYPPROJTests.debug.xcconfig */,
				89C6BE57DB24E9ADA2F236DE /* Pods-FYPPROJ-FYPPROJTests.release.xcconfig */,
			);
			path = Pods;
			sourceTree = "<group>";
		};
		E5A76D1025B84AFFAB047E19 /* Resources */ = {
			isa = "PBXGroup";
			children = (
				0C5D6A726D454A08BA85559F /* Montserrat-Medium.ttf */,
				91DDFA68AC434537B9BD9501 /* Montserrat-Black.ttf */,
				6CE2636BC3604922B83764D8 /* Montserrat-BlackItalic.ttf */,
				5ACFC01461AB4E0CB3CCF213 /* Montserrat-Bold.ttf */,
				DE510FA600CF4D178DC237CD /* Montserrat-BoldItalic.ttf */,
				F4A626F521CC4D268CB0D987 /* Montserrat-ExtraBold.ttf */,
				6C9D65A76FBD4C4AB0CBBCC6 /* Montserrat-ExtraBoldItalic.ttf */,
				3D96DE3AEEAA48EFB961B4C4 /* Montserrat-ExtraLight.ttf */,
				DB3BBBC59BD64319BBC0F8BD /* Montserrat-ExtraLightItalic.ttf */,
				F66F3E0400CB408D80DA5305 /* Montserrat-Italic.ttf */,
				98286E5904B94309B65F84EA /* Montserrat-Light.ttf */,
				C66DB40691114DC3BFB0DE08 /* Montserrat-LightItalic.ttf */,
				48F0EF3829D34B078561B2E6 /* Montserrat-MediumItalic.ttf */,
				CD99449302EA4E42B76FDD11 /* Montserrat-Regular.ttf */,
				DE1A2B5DC84148D3BEFBDE14 /* Montserrat-SemiBold.ttf */,
				283829B5A6484FE8AE895A96 /* Montserrat-SemiBoldItalic.ttf */,
				000ADF9A9AEF4A92B3CDA81C /* Montserrat-Thin.ttf */,
				351508698E1647BCBC984946 /* Montserrat-ThinItalic.ttf */,
				FDD5BD2E1D46426D9642A087 /* Poppins-Black.ttf */,
				242C3755E74942FEB755EADD /* Poppins-BlackItalic.ttf */,
				76D3525DD82A4480AA975A9B /* Poppins-Bold.ttf */,
				9BB4042736FB488381237B1D /* Poppins-BoldItalic.ttf */,
				EBBEBC2B4F1F4DE7A0C5955F /* Poppins-ExtraBold.ttf */,
				05B45019FF8740BF9800F1CD /* Poppins-ExtraBoldItalic.ttf */,
				FD2592513B364576ADF9AFA8 /* Poppins-ExtraLight.ttf */,
				9AE29EA7B61F4C68ABE30698 /* Poppins-ExtraLightItalic.ttf */,
				BA7D526B0D0940C1B2CC3690 /* Poppins-Italic.ttf */,
				E2F8608FDABC41568C4B322F /* Poppins-Light.ttf */,
				564D6809CF734100ACBB38DD /* Poppins-LightItalic.ttf */,
				797D0C6E264140A7A97317AC /* Poppins-Medium.ttf */,
				C6C8927D62B842768D1D265B /* Poppins-MediumItalic.ttf */,
				3A1C89E56C644C4588DAF250 /* Poppins-Regular.ttf */,
				255BA7AE28B4423284E103C6 /* Poppins-SemiBold.ttf */,
				63007A80638349CCAC59A1B0 /* Poppins-SemiBoldItalic.ttf */,
				02B9C88DF5E24C1BA9445415 /* Poppins-Thin.ttf */,
				0FC8782B37AA4ECCB5706DD5 /* Poppins-ThinItalic.ttf */,
				FAEA4B80573C4F51A688F959 /* RobotoMono-Bold.ttf */,
				17420BA64A474A76938A97C5 /* RobotoMono-BoldItalic.ttf */,
				91D079B2ACEE480EA9827129 /* RobotoMono-ExtraLight.ttf */,
				8184516ABAB042C795A2451B /* RobotoMono-ExtraLightItalic.ttf */,
				15B4E46DDD2141158A116CBD /* RobotoMono-Italic.ttf */,
				DCF8EE63249C44F2B6499568 /* RobotoMono-Light.ttf */,
				510EBFE8168B4E9B9579AB10 /* RobotoMono-LightItalic.ttf */,
				CB92DE1479164A20981095CA /* RobotoMono-Medium.ttf */,
				A327F809EABD43BBA762F01C /* RobotoMono-MediumItalic.ttf */,
				7743669194B84105B4A9CA57 /* RobotoMono-Regular.ttf */,
				012931387E8448FC8317215A /* RobotoMono-SemiBold.ttf */,
				307B6A7084054481ACD5B7C2 /* RobotoMono-SemiBoldItalic.ttf */,
				BC08356BC001487DA94F40A7 /* RobotoMono-Thin.ttf */,
				ED37F297B7414D0CA34E47A8 /* RobotoMono-ThinItalic.ttf */,
			);
			name = Resources;
			sourceTree = "<group>";
			path = "";
		};
/* End PBXGroup section */

/* Begin PBXNativeTarget section */
		00E356ED1AD99517003FC87E /* FYPPROJTests */ = {
			isa = PBXNativeTarget;
			buildConfigurationList = 00E357021AD99517003FC87E /* Build configuration list for PBXNativeTarget "FYPPROJTests" */;
			buildPhases = (
				A55EABD7B0C7F3A422A6CC61 /* [CP] Check Pods Manifest.lock */,
				00E356EA1AD99517003FC87E /* Sources */,
				00E356EB1AD99517003FC87E /* Frameworks */,
				00E356EC1AD99517003FC87E /* Resources */,
				C59DA0FBD6956966B86A3779 /* [CP] Embed Pods Frameworks */,
				F6A41C54EA430FDDC6A6ED99 /* [CP] Copy Pods Resources */,
			);
			buildRules = (
			);
			dependencies = (
				00E356F51AD99517003FC87E /* PBXTargetDependency */,
			);
			name = FYPPROJTests;
			productName = FYPPROJTests;
			productReference = 00E356EE1AD99517003FC87E /* FYPPROJTests.xctest */;
			productType = "com.apple.product-type.bundle.unit-test";
		};
		13B07F861A680F5B00A75B9A /* FYPPROJ */ = {
			isa = PBXNativeTarget;
			buildConfigurationList = 13B07F931A680F5B00A75B9A /* Build configuration list for PBXNativeTarget "FYPPROJ" */;
			buildPhases = (
				C38B50BA6285516D6DCD4F65 /* [CP] Check Pods Manifest.lock */,
				FD10A7F022414F080027D42C /* Start Packager */,
				13B07F871A680F5B00A75B9A /* Sources */,
				13B07F8C1A680F5B00A75B9A /* Frameworks */,
				13B07F8E1A680F5B00A75B9A /* Resources */,
				00DD1BFF1BD5951E006B06BC /* Bundle React Native code and images */,
				00EEFC60759A1932668264C0 /* [CP] Embed Pods Frameworks */,
				E235C05ADACE081382539298 /* [CP] Copy Pods Resources */,
			);
			buildRules = (
			);
			dependencies = (
			);
			name = FYPPROJ;
			productName = FYPPROJ;
			productReference = 13B07F961A680F5B00A75B9A /* FYPPROJ.app */;
			productType = "com.apple.product-type.application";
		};
/* End PBXNativeTarget section */

/* Begin PBXProject section */
		83CBB9F71A601CBA00E9B192 /* Project object */ = {
			isa = PBXProject;
			attributes = {
				LastUpgradeCheck = 1210;
				TargetAttributes = {
					00E356ED1AD99517003FC87E = {
						CreatedOnToolsVersion = 6.2;
						TestTargetID = 13B07F861A680F5B00A75B9A;
					};
					13B07F861A680F5B00A75B9A = {
						LastSwiftMigration = 1120;
					};
				};
			};
			buildConfigurationList = 83CBB9FA1A601CBA00E9B192 /* Build configuration list for PBXProject "FYPPROJ" */;
			compatibilityVersion = "Xcode 12.0";
			developmentRegion = en;
			hasScannedForEncodings = 0;
			knownRegions = (
				en,
				Base,
			);
			mainGroup = 83CBB9F61A601CBA00E9B192;
			productRefGroup = 83CBBA001A601CBA00E9B192 /* Products */;
			projectDirPath = "";
			projectRoot = "";
			targets = (
				13B07F861A680F5B00A75B9A /* FYPPROJ */,
				00E356ED1AD99517003FC87E /* FYPPROJTests */,
			);
		};
/* End PBXProject section */

/* Begin PBXResourcesBuildPhase section */
		00E356EC1AD99517003FC87E /* Resources */ = {
			isa = PBXResourcesBuildPhase;
			buildActionMask = 2147483647;
			files = (
			);
			runOnlyForDeploymentPostprocessing = 0;
		};
		13B07F8E1A680F5B00A75B9A /* Resources */ = {
			isa = PBXResourcesBuildPhase;
			buildActionMask = 2147483647;
			files = (
				81AB9BB82411601600AC10FF /* LaunchScreen.storyboard in Resources */,
				13B07FBF1A68108700A75B9A /* Images.xcassets in Resources */,
				0E91E47C24A348D89DC0402B /* Montserrat-Medium.ttf in Resources */,
				A6718C57011E4B8A9CF9FF06 /* Montserrat-Black.ttf in Resources */,
				B76177B583B747FB8165088A /* Montserrat-BlackItalic.ttf in Resources */,
				783A0858F6A841119A6D2E6D /* Montserrat-Bold.ttf in Resources */,
				7EDE94CFA8C346D4B9BAEF1E /* Montserrat-BoldItalic.ttf in Resources */,
				ACFC0CBFEE454F1FB0426E53 /* Montserrat-ExtraBold.ttf in Resources */,
				03648DD463D44E57AF8558C6 /* Montserrat-ExtraBoldItalic.ttf in Resources */,
				3D88C8A6C1954730B93C33CE /* Montserrat-ExtraLight.ttf in Resources */,
				C05FCBEB5A394071AB4CCC10 /* Montserrat-ExtraLightItalic.ttf in Resources */,
				5FD2CDFB8B4B4B3096817AC1 /* Montserrat-Italic.ttf in Resources */,
				7F3CD07EA51E4851A518BCBC /* Montserrat-Light.ttf in Resources */,
				60E23FD2A9AE4B9CBAA4139E /* Montserrat-LightItalic.ttf in Resources */,
				C78E0AE5C8CB4C1589952215 /* Montserrat-MediumItalic.ttf in Resources */,
				247F9F78A86940D6ACDF334B /* Montserrat-Regular.ttf in Resources */,
				2D155DB83EA84F2985B8E812 /* Montserrat-SemiBold.ttf in Resources */,
				F7EB83EDBC4B49A8B18523BD /* Montserrat-SemiBoldItalic.ttf in Resources */,
				83B6D14D364C434A8C3EEDC5 /* Montserrat-Thin.ttf in Resources */,
				60B66DFF95544E5EBEFAD08C /* Montserrat-ThinItalic.ttf in Resources */,
				E54E55F3406A457C9A655E03 /* Poppins-Black.ttf in Resources */,
				85904FC7F63D4373A2A895F9 /* Poppins-BlackItalic.ttf in Resources */,
				585D6F08AF29414DB31FBBEA /* Poppins-Bold.ttf in Resources */,
				03D68F2FA0C14D06B4528DD9 /* Poppins-BoldItalic.ttf in Resources */,
				9A60265E738145B6B7BD302F /* Poppins-ExtraBold.ttf in Resources */,
				54EDEC742C1840B5B172E49F /* Poppins-ExtraBoldItalic.ttf in Resources */,
				5FE5882360B047C38200F7DE /* Poppins-ExtraLight.ttf in Resources */,
				57D6ED3F8CDF4B3B939A4E0D /* Poppins-ExtraLightItalic.ttf in Resources */,
				74460AE002FC468C873C9829 /* Poppins-Italic.ttf in Resources */,
				9559566A27684E18B9CC2377 /* Poppins-Light.ttf in Resources */,
				D8A747F0EFF742B0A2ED1A4D /* Poppins-LightItalic.ttf in Resources */,
				48AE9161BF1842FD9EDD992A /* Poppins-Medium.ttf in Resources */,
				04935BB58AAD47E09C448A5B /* Poppins-MediumItalic.ttf in Resources */,
				8AAC39790F3640C1B8CD23FF /* Poppins-Regular.ttf in Resources */,
				6FFC8440DEF5440891B6A63C /* Poppins-SemiBold.ttf in Resources */,
				1B1CD57F3BCC4A2BBDFE7838 /* Poppins-SemiBoldItalic.ttf in Resources */,
				A12CD67D6DDE4BC9ABDE4407 /* Poppins-Thin.ttf in Resources */,
				276CE2E1CC2546859C642B67 /* Poppins-ThinItalic.ttf in Resources */,
				1A514A50910744C3BB8D50B9 /* RobotoMono-Bold.ttf in Resources */,
				8FA4C8BC6D914A9C81846235 /* RobotoMono-BoldItalic.ttf in Resources */,
				8CEEC730C4F64267B91F2026 /* RobotoMono-ExtraLight.ttf in Resources */,
				C51B4F896F7E4893A60FD4CF /* RobotoMono-ExtraLightItalic.ttf in Resources */,
				0C7E68A69A56447493FE94CE /* RobotoMono-Italic.ttf in Resources */,
				E21A3D31BE25498F8327B22F /* RobotoMono-Light.ttf in Resources */,
				0A567B610CD4439CA48FF95D /* RobotoMono-LightItalic.ttf in Resources */,
				D7787F8A13324FCBABC5A434 /* RobotoMono-Medium.ttf in Resources */,
				CB48C40C77EA41F09055B08B /* RobotoMono-MediumItalic.ttf in Resources */,
				7E4E5382DB024A70821BE10E /* RobotoMono-Regular.ttf in Resources */,
				34A5436C6B404D5A821A17F4 /* RobotoMono-SemiBold.ttf in Resources */,
				C885FB68EB3C4B73BA2D9444 /* RobotoMono-SemiBoldItalic.ttf in Resources */,
				861036F115A447E0915C0985 /* RobotoMono-Thin.ttf in Resources */,
				68263B4BF6344AB097ED52CC /* RobotoMono-ThinItalic.ttf in Resources */,
			);
			runOnlyForDeploymentPostprocessing = 0;
		};
/* End PBXResourcesBuildPhase section */

/* Begin PBXShellScriptBuildPhase section */
		00DD1BFF1BD5951E006B06BC /* Bundle React Native code and images */ = {
			isa = PBXShellScriptBuildPhase;
			buildActionMask = 2147483647;
			files = (
			);
			inputPaths = (
				"$(SRCROOT)/.xcode.env.local",
				"$(SRCROOT)/.xcode.env",
			);
			name = "Bundle React Native code and images";
			outputPaths = (
			);
			runOnlyForDeploymentPostprocessing = 0;
			shellPath = /bin/sh;
			shellScript = "set -e\n\nWITH_ENVIRONMENT=\"../node_modules/react-native/scripts/xcode/with-environment.sh\"\nREACT_NATIVE_XCODE=\"../node_modules/react-native/scripts/react-native-xcode.sh\"\n\n/bin/sh -c \"$WITH_ENVIRONMENT $REACT_NATIVE_XCODE\"\n";
		};
		00EEFC60759A1932668264C0 /* [CP] Embed Pods Frameworks */ = {
			isa = PBXShellScriptBuildPhase;
			buildActionMask = 2147483647;
			files = (
			);
			inputFileListPaths = (
				"${PODS_ROOT}/Target Support Files/Pods-FYPPROJ/Pods-FYPPROJ-frameworks-${CONFIGURATION}-input-files.xcfilelist",
			);
			name = "[CP] Embed Pods Frameworks";
			outputFileListPaths = (
				"${PODS_ROOT}/Target Support Files/Pods-FYPPROJ/Pods-FYPPROJ-frameworks-${CONFIGURATION}-output-files.xcfilelist",
			);
			runOnlyForDeploymentPostprocessing = 0;
			shellPath = /bin/sh;
			shellScript = "\"${PODS_ROOT}/Target Support Files/Pods-FYPPROJ/Pods-FYPPROJ-frameworks.sh\"\n";
			showEnvVarsInLog = 0;
		};
		A55EABD7B0C7F3A422A6CC61 /* [CP] Check Pods Manifest.lock */ = {
			isa = PBXShellScriptBuildPhase;
			buildActionMask = 2147483647;
			files = (
			);
			inputFileListPaths = (
			);
			inputPaths = (
				"${PODS_PODFILE_DIR_PATH}/Podfile.lock",
				"${PODS_ROOT}/Manifest.lock",
			);
			name = "[CP] Check Pods Manifest.lock";
			outputFileListPaths = (
			);
			outputPaths = (
				"$(DERIVED_FILE_DIR)/Pods-FYPPROJ-FYPPROJTests-checkManifestLockResult.txt",
			);
			runOnlyForDeploymentPostprocessing = 0;
			shellPath = /bin/sh;
			shellScript = "diff \"${PODS_PODFILE_DIR_PATH}/Podfile.lock\" \"${PODS_ROOT}/Manifest.lock\" > /dev/null\nif [ $? != 0 ] ; then\n    # print error to STDERR\n    echo \"error: The sandbox is not in sync with the Podfile.lock. Run 'pod install' or update your CocoaPods installation.\" >&2\n    exit 1\nfi\n# This output is used by Xcode 'outputs' to avoid re-running this script phase.\necho \"SUCCESS\" > \"${SCRIPT_OUTPUT_FILE_0}\"\n";
			showEnvVarsInLog = 0;
		};
		C38B50BA6285516D6DCD4F65 /* [CP] Check Pods Manifest.lock */ = {
			isa = PBXShellScriptBuildPhase;
			buildActionMask = 2147483647;
			files = (
			);
			inputFileListPaths = (
			);
			inputPaths = (
				"${PODS_PODFILE_DIR_PATH}/Podfile.lock",
				"${PODS_ROOT}/Manifest.lock",
			);
			name = "[CP] Check Pods Manifest.lock";
			outputFileListPaths = (
			);
			outputPaths = (
				"$(DERIVED_FILE_DIR)/Pods-FYPPROJ-checkManifestLockResult.txt",
			);
			runOnlyForDeploymentPostprocessing = 0;
			shellPath = /bin/sh;
			shellScript = "diff \"${PODS_PODFILE_DIR_PATH}/Podfile.lock\" \"${PODS_ROOT}/Manifest.lock\" > /dev/null\nif [ $? != 0 ] ; then\n    # print error to STDERR\n    echo \"error: The sandbox is not in sync with the Podfile.lock. Run 'pod install' or update your CocoaPods installation.\" >&2\n    exit 1\nfi\n# This output is used by Xcode 'outputs' to avoid re-running this script phase.\necho \"SUCCESS\" > \"${SCRIPT_OUTPUT_FILE_0}\"\n";
			showEnvVarsInLog = 0;
		};
		C59DA0FBD6956966B86A3779 /* [CP] Embed Pods Frameworks */ = {
			isa = PBXShellScriptBuildPhase;
			buildActionMask = 2147483647;
			files = (
			);
			inputFileListPaths = (
				"${PODS_ROOT}/Target Support Files/Pods-FYPPROJ-FYPPROJTests/Pods-FYPPROJ-FYPPROJTests-frameworks-${CONFIGURATION}-input-files.xcfilelist",
			);
			name = "[CP] Embed Pods Frameworks";
			outputFileListPaths = (
				"${PODS_ROOT}/Target Support Files/Pods-FYPPROJ-FYPPROJTests/Pods-FYPPROJ-FYPPROJTests-frameworks-${CONFIGURATION}-output-files.xcfilelist",
			);
			runOnlyForDeploymentPostprocessing = 0;
			shellPath = /bin/sh;
			shellScript = "\"${PODS_ROOT}/Target Support Files/Pods-FYPPROJ-FYPPROJTests/Pods-FYPPROJ-FYPPROJTests-frameworks.sh\"\n";
			showEnvVarsInLog = 0;
		};
		E235C05ADACE081382539298 /* [CP] Copy Pods Resources */ = {
			isa = PBXShellScriptBuildPhase;
			buildActionMask = 2147483647;
			files = (
			);
			inputFileListPaths = (
				"${PODS_ROOT}/Target Support Files/Pods-FYPPROJ/Pods-FYPPROJ-resources-${CONFIGURATION}-input-files.xcfilelist",
			);
			name = "[CP] Copy Pods Resources";
			outputFileListPaths = (
				"${PODS_ROOT}/Target Support Files/Pods-FYPPROJ/Pods-FYPPROJ-resources-${CONFIGURATION}-output-files.xcfilelist",
			);
			runOnlyForDeploymentPostprocessing = 0;
			shellPath = /bin/sh;
			shellScript = "\"${PODS_ROOT}/Target Support Files/Pods-FYPPROJ/Pods-FYPPROJ-resources.sh\"\n";
			showEnvVarsInLog = 0;
		};
		F6A41C54EA430FDDC6A6ED99 /* [CP] Copy Pods Resources */ = {
			isa = PBXShellScriptBuildPhase;
			buildActionMask = 2147483647;
			files = (
			);
			inputFileListPaths = (
				"${PODS_ROOT}/Target Support Files/Pods-FYPPROJ-FYPPROJTests/Pods-FYPPROJ-FYPPROJTests-resources-${CONFIGURATION}-input-files.xcfilelist",
			);
			name = "[CP] Copy Pods Resources";
			outputFileListPaths = (
				"${PODS_ROOT}/Target Support Files/Pods-FYPPROJ-FYPPROJTests/Pods-FYPPROJ-FYPPROJTests-resources-${CONFIGURATION}-output-files.xcfilelist",
			);
			runOnlyForDeploymentPostprocessing = 0;
			shellPath = /bin/sh;
			shellScript = "\"${PODS_ROOT}/Target Support Files/Pods-FYPPROJ-FYPPROJTests/Pods-FYPPROJ-FYPPROJTests-resources.sh\"\n";
			showEnvVarsInLog = 0;
		};
		FD10A7F022414F080027D42C /* Start Packager */ = {
			isa = PBXShellScriptBuildPhase;
			buildActionMask = 2147483647;
			files = (
			);
			inputFileListPaths = (
			);
			inputPaths = (
			);
			name = "Start Packager";
			outputFileListPaths = (
			);
			outputPaths = (
			);
			runOnlyForDeploymentPostprocessing = 0;
			shellPath = /bin/sh;
			shellScript = "export RCT_METRO_PORT=\"${RCT_METRO_PORT:=8081}\"\necho \"export RCT_METRO_PORT=${RCT_METRO_PORT}\" > \"${SRCROOT}/../node_modules/react-native/scripts/.packager.env\"\nif [ -z \"${RCT_NO_LAUNCH_PACKAGER+xxx}\" ] ; then\n  if nc -w 5 -z localhost ${RCT_METRO_PORT} ; then\n    if ! curl -s \"http://localhost:${RCT_METRO_PORT}/status\" | grep -q \"packager-status:running\" ; then\n      echo \"Port ${RCT_METRO_PORT} already in use, packager is either not running or not running correctly\"\n      exit 2\n    fi\n  else\n    open \"$SRCROOT/../node_modules/react-native/scripts/launchPackager.command\" || echo \"Can't start packager automatically\"\n  fi\nfi\n";
			showEnvVarsInLog = 0;
		};
/* End PBXShellScriptBuildPhase section */

/* Begin PBXSourcesBuildPhase section */
		00E356EA1AD99517003FC87E /* Sources */ = {
			isa = PBXSourcesBuildPhase;
			buildActionMask = 2147483647;
			files = (
				00E356F31AD99517003FC87E /* FYPPROJTests.m in Sources */,
			);
			runOnlyForDeploymentPostprocessing = 0;
		};
		13B07F871A680F5B00A75B9A /* Sources */ = {
			isa = PBXSourcesBuildPhase;
			buildActionMask = 2147483647;
			files = (
				13B07FBC1A68108700A75B9A /* AppDelegate.mm in Sources */,
				13B07FC11A68108700A75B9A /* main.m in Sources */,
			);
			runOnlyForDeploymentPostprocessing = 0;
		};
/* End PBXSourcesBuildPhase section */

/* Begin PBXTargetDependency section */
		00E356F51AD99517003FC87E /* PBXTargetDependency */ = {
			isa = PBXTargetDependency;
			target = 13B07F861A680F5B00A75B9A /* FYPPROJ */;
			targetProxy = 00E356F41AD99517003FC87E /* PBXContainerItemProxy */;
		};
/* End PBXTargetDependency section */

/* Begin XCBuildConfiguration section */
		00E356F61AD99517003FC87E /* Debug */ = {
			isa = XCBuildConfiguration;
			baseConfigurationReference = 5B7EB9410499542E8C5724F5 /* Pods-FYPPROJ-FYPPROJTests.debug.xcconfig */;
			buildSettings = {
				BUNDLE_LOADER = "$(TEST_HOST)";
				GCC_PREPROCESSOR_DEFINITIONS = (
					"DEBUG=1",
					"$(inherited)",
				);
				INFOPLIST_FILE = FYPPROJTests/Info.plist;
				IPHONEOS_DEPLOYMENT_TARGET = 12.4;
				LD_RUNPATH_SEARCH_PATHS = (
					"$(inherited)",
					"@executable_path/Frameworks",
					"@loader_path/Frameworks",
				);
				OTHER_LDFLAGS = (
					"-ObjC",
					"-lc++",
					"$(inherited)",
				);
				PRODUCT_BUNDLE_IDENTIFIER = "org.reactjs.native.example.$(PRODUCT_NAME:rfc1034identifier)";
				PRODUCT_NAME = "$(TARGET_NAME)";
				TEST_HOST = "$(BUILT_PRODUCTS_DIR)/FYPPROJ.app/FYPPROJ";
			};
			name = Debug;
		};
		00E356F71AD99517003FC87E /* Release */ = {
			isa = XCBuildConfiguration;
			baseConfigurationReference = 89C6BE57DB24E9ADA2F236DE /* Pods-FYPPROJ-FYPPROJTests.release.xcconfig */;
			buildSettings = {
				BUNDLE_LOADER = "$(TEST_HOST)";
				COPY_PHASE_STRIP = NO;
				INFOPLIST_FILE = FYPPROJTests/Info.plist;
				IPHONEOS_DEPLOYMENT_TARGET = 12.4;
				LD_RUNPATH_SEARCH_PATHS = (
					"$(inherited)",
					"@executable_path/Frameworks",
					"@loader_path/Frameworks",
				);
				OTHER_LDFLAGS = (
					"-ObjC",
					"-lc++",
					"$(inherited)",
				);
				PRODUCT_BUNDLE_IDENTIFIER = "org.reactjs.native.example.$(PRODUCT_NAME:rfc1034identifier)";
				PRODUCT_NAME = "$(TARGET_NAME)";
				TEST_HOST = "$(BUILT_PRODUCTS_DIR)/FYPPROJ.app/FYPPROJ";
			};
			name = Release;
		};
		13B07F941A680F5B00A75B9A /* Debug */ = {
			isa = XCBuildConfiguration;
			baseConfigurationReference = 3B4392A12AC88292D35C810B /* Pods-FYPPROJ.debug.xcconfig */;
			buildSettings = {
				ASSETCATALOG_COMPILER_APPICON_NAME = AppIcon;
				CLANG_ENABLE_MODULES = YES;
				CURRENT_PROJECT_VERSION = 1;
				ENABLE_BITCODE = NO;
				INFOPLIST_FILE = FYPPROJ/Info.plist;
				LD_RUNPATH_SEARCH_PATHS = (
					"$(inherited)",
					"@executable_path/Frameworks",
				);
				MARKETING_VERSION = 1.0;
				OTHER_LDFLAGS = (
					"$(inherited)",
					"-ObjC",
					"-lc++",
				);
				PRODUCT_BUNDLE_IDENTIFIER = "org.reactjs.native.example.$(PRODUCT_NAME:rfc1034identifier)";
				PRODUCT_NAME = FYPPROJ;
				SWIFT_OPTIMIZATION_LEVEL = "-Onone";
				SWIFT_VERSION = 5.0;
				VERSIONING_SYSTEM = "apple-generic";
			};
			name = Debug;
		};
		13B07F951A680F5B00A75B9A /* Release */ = {
			isa = XCBuildConfiguration;
			baseConfigurationReference = 5709B34CF0A7D63546082F79 /* Pods-FYPPROJ.release.xcconfig */;
			buildSettings = {
				ASSETCATALOG_COMPILER_APPICON_NAME = AppIcon;
				CLANG_ENABLE_MODULES = YES;
				CURRENT_PROJECT_VERSION = 1;
				INFOPLIST_FILE = FYPPROJ/Info.plist;
				LD_RUNPATH_SEARCH_PATHS = (
					"$(inherited)",
					"@executable_path/Frameworks",
				);
				MARKETING_VERSION = 1.0;
				OTHER_LDFLAGS = (
					"$(inherited)",
					"-ObjC",
					"-lc++",
				);
				PRODUCT_BUNDLE_IDENTIFIER = "org.reactjs.native.example.$(PRODUCT_NAME:rfc1034identifier)";
				PRODUCT_NAME = FYPPROJ;
				SWIFT_VERSION = 5.0;
				VERSIONING_SYSTEM = "apple-generic";
			};
			name = Release;
		};
		83CBBA201A601CBA00E9B192 /* Debug */ = {
			isa = XCBuildConfiguration;
			buildSettings = {
				ALWAYS_SEARCH_USER_PATHS = NO;
				CLANG_ANALYZER_LOCALIZABILITY_NONLOCALIZED = YES;
				CLANG_CXX_LANGUAGE_STANDARD = "c++17";
				CLANG_CXX_LIBRARY = "libc++";
				CLANG_ENABLE_MODULES = YES;
				CLANG_ENABLE_OBJC_ARC = YES;
				CLANG_WARN_BLOCK_CAPTURE_AUTORELEASING = YES;
				CLANG_WARN_BOOL_CONVERSION = YES;
				CLANG_WARN_COMMA = YES;
				CLANG_WARN_CONSTANT_CONVERSION = YES;
				CLANG_WARN_DEPRECATED_OBJC_IMPLEMENTATIONS = YES;
				CLANG_WARN_DIRECT_OBJC_ISA_USAGE = YES_ERROR;
				CLANG_WARN_EMPTY_BODY = YES;
				CLANG_WARN_ENUM_CONVERSION = YES;
				CLANG_WARN_INFINITE_RECURSION = YES;
				CLANG_WARN_INT_CONVERSION = YES;
				CLANG_WARN_NON_LITERAL_NULL_CONVERSION = YES;
				CLANG_WARN_OBJC_IMPLICIT_RETAIN_SELF = YES;
				CLANG_WARN_OBJC_LITERAL_CONVERSION = YES;
				CLANG_WARN_OBJC_ROOT_CLASS = YES_ERROR;
				CLANG_WARN_QUOTED_INCLUDE_IN_FRAMEWORK_HEADER = YES;
				CLANG_WARN_RANGE_LOOP_ANALYSIS = YES;
				CLANG_WARN_STRICT_PROTOTYPES = YES;
				CLANG_WARN_SUSPICIOUS_MOVE = YES;
				CLANG_WARN_UNREACHABLE_CODE = YES;
				CLANG_WARN__DUPLICATE_METHOD_MATCH = YES;
				"CODE_SIGN_IDENTITY[sdk=iphoneos*]" = "iPhone Developer";
				COPY_PHASE_STRIP = NO;
				ENABLE_STRICT_OBJC_MSGSEND = YES;
				ENABLE_TESTABILITY = YES;
				"EXCLUDED_ARCHS[sdk=iphonesimulator*]" = "";
				GCC_C_LANGUAGE_STANDARD = gnu99;
				GCC_DYNAMIC_NO_PIC = NO;
				GCC_NO_COMMON_BLOCKS = YES;
				GCC_OPTIMIZATION_LEVEL = 0;
				GCC_PREPROCESSOR_DEFINITIONS = (
					"DEBUG=1",
					"$(inherited)",
				);
				GCC_SYMBOLS_PRIVATE_EXTERN = NO;
				GCC_WARN_64_TO_32_BIT_CONVERSION = YES;
				GCC_WARN_ABOUT_RETURN_TYPE = YES_ERROR;
				GCC_WARN_UNDECLARED_SELECTOR = YES;
				GCC_WARN_UNINITIALIZED_AUTOS = YES_AGGRESSIVE;
				GCC_WARN_UNUSED_FUNCTION = YES;
				GCC_WARN_UNUSED_VARIABLE = YES;
				IPHONEOS_DEPLOYMENT_TARGET = 12.4;
				LD_RUNPATH_SEARCH_PATHS = (
					/usr/lib/swift,
					"$(inherited)",
				);
				LIBRARY_SEARCH_PATHS = (
					"\"$(SDKROOT)/usr/lib/swift\"",
					"\"$(TOOLCHAIN_DIR)/usr/lib/swift/$(PLATFORM_NAME)\"",
					"\"$(inherited)\"",
				);
				MTL_ENABLE_DEBUG_INFO = YES;
				ONLY_ACTIVE_ARCH = YES;
				OTHER_CPLUSPLUSFLAGS = (
					"$(OTHER_CFLAGS)",
					"-DFOLLY_NO_CONFIG",
					"-DFOLLY_MOBILE=1",
					"-DFOLLY_USE_LIBCPP=1",
				);
				SDKROOT = iphoneos;
			};
			name = Debug;
		};
		83CBBA211A601CBA00E9B192 /* Release */ = {
			isa = XCBuildConfiguration;
			buildSettings = {
				ALWAYS_SEARCH_USER_PATHS = NO;
				CLANG_ANALYZER_LOCALIZABILITY_NONLOCALIZED = YES;
				CLANG_CXX_LANGUAGE_STANDARD = "c++17";
				CLANG_CXX_LIBRARY = "libc++";
				CLANG_ENABLE_MODULES = YES;
				CLANG_ENABLE_OBJC_ARC = YES;
				CLANG_WARN_BLOCK_CAPTURE_AUTORELEASING = YES;
				CLANG_WARN_BOOL_CONVERSION = YES;
				CLANG_WARN_COMMA = YES;
				CLANG_WARN_CONSTANT_CONVERSION = YES;
				CLANG_WARN_DEPRECATED_OBJC_IMPLEMENTATIONS = YES;
				CLANG_WARN_DIRECT_OBJC_ISA_USAGE = YES_ERROR;
				CLANG_WARN_EMPTY_BODY = YES;
				CLANG_WARN_ENUM_CONVERSION = YES;
				CLANG_WARN_INFINITE_RECURSION = YES;
				CLANG_WARN_INT_CONVERSION = YES;
				CLANG_WARN_NON_LITERAL_NULL_CONVERSION = YES;
				CLANG_WARN_OBJC_IMPLICIT_RETAIN_SELF = YES;
				CLANG_WARN_OBJC_LITERAL_CONVERSION = YES;
				CLANG_WARN_OBJC_ROOT_CLASS = YES_ERROR;
				CLANG_WARN_QUOTED_INCLUDE_IN_FRAMEWORK_HEADER = YES;
				CLANG_WARN_RANGE_LOOP_ANALYSIS = YES;
				CLANG_WARN_STRICT_PROTOTYPES = YES;
				CLANG_WARN_SUSPICIOUS_MOVE = YES;
				CLANG_WARN_UNREACHABLE_CODE = YES;
				CLANG_WARN__DUPLICATE_METHOD_MATCH = YES;
				"CODE_SIGN_IDENTITY[sdk=iphoneos*]" = "iPhone Developer";
				COPY_PHASE_STRIP = YES;
				ENABLE_NS_ASSERTIONS = NO;
				ENABLE_STRICT_OBJC_MSGSEND = YES;
				"EXCLUDED_ARCHS[sdk=iphonesimulator*]" = "";
				GCC_C_LANGUAGE_STANDARD = gnu99;
				GCC_NO_COMMON_BLOCKS = YES;
				GCC_WARN_64_TO_32_BIT_CONVERSION = YES;
				GCC_WARN_ABOUT_RETURN_TYPE = YES_ERROR;
				GCC_WARN_UNDECLARED_SELECTOR = YES;
				GCC_WARN_UNINITIALIZED_AUTOS = YES_AGGRESSIVE;
				GCC_WARN_UNUSED_FUNCTION = YES;
				GCC_WARN_UNUSED_VARIABLE = YES;
				IPHONEOS_DEPLOYMENT_TARGET = 12.4;
				LD_RUNPATH_SEARCH_PATHS = (
					/usr/lib/swift,
					"$(inherited)",
				);
				LIBRARY_SEARCH_PATHS = (
					"\"$(SDKROOT)/usr/lib/swift\"",
					"\"$(TOOLCHAIN_DIR)/usr/lib/swift/$(PLATFORM_NAME)\"",
					"\"$(inherited)\"",
				);
				MTL_ENABLE_DEBUG_INFO = NO;
				OTHER_CPLUSPLUSFLAGS = (
					"$(OTHER_CFLAGS)",
					"-DFOLLY_NO_CONFIG",
					"-DFOLLY_MOBILE=1",
					"-DFOLLY_USE_LIBCPP=1",
				);
				SDKROOT = iphoneos;
				VALIDATE_PRODUCT = YES;
			};
			name = Release;
		};
/* End XCBuildConfiguration section */

/* Begin XCConfigurationList section */
		00E357021AD99517003FC87E /* Build configuration list for PBXNativeTarget "FYPPROJTests" */ = {
			isa = XCConfigurationList;
			buildConfigurations = (
				00E356F61AD99517003FC87E /* Debug */,
				00E356F71AD99517003FC87E /* Release */,
			);
			defaultConfigurationIsVisible = 0;
			defaultConfigurationName = Release;
		};
		13B07F931A680F5B00A75B9A /* Build configuration list for PBXNativeTarget "FYPPROJ" */ = {
			isa = XCConfigurationList;
			buildConfigurations = (
				13B07F941A680F5B00A75B9A /* Debug */,
				13B07F951A680F5B00A75B9A /* Release */,
			);
			defaultConfigurationIsVisible = 0;
			defaultConfigurationName = Release;
		};
		83CBB9FA1A601CBA00E9B192 /* Build configuration list for PBXProject "FYPPROJ" */ = {
			isa = XCConfigurationList;
			buildConfigurations = (
				83CBBA201A601CBA00E9B192 /* Debug */,
				83CBBA211A601CBA00E9B192 /* Release */,
			);
			defaultConfigurationIsVisible = 0;
			defaultConfigurationName = Release;
		};
/* End XCConfigurationList section */
	};
	rootObject = 83CBB9F71A601CBA00E9B192 /* Project object */;
}
